
Microsoft Visual Studio Solution File, Format Version 12.00
# Visual Studio Version 16
VisualStudioVersion = 16.0.30611.23
MinimumVisualStudioVersion = 10.0.40219.1
Project("{FAE04EC0-301F-11D3-BF4B-00C04F79EFBC}") = "WebNetCoreWithReact", "WebNetCoreWithReact\WebNetCoreWithReact.csproj", "{05033C8F-CC2A-4896-B2C8-54851155CBC1}"
EndProject
Global
	GlobalSection(SolutionConfigurationPlatforms) = preSolution
		Debug|Any CPU = Debug|Any CPU
		Release|Any CPU = Release|Any CPU
	EndGlobalSection
	GlobalSection(ProjectConfigurationPlatforms) = postSolution
		{05033C8F-CC2A-4896-B2C8-54851155CBC1}.Debug|Any CPU.ActiveCfg = Debug|Any CPU
		{05033C8F-CC2A-4896-B2C8-54851155CBC1}.Debug|Any CPU.Build.0 = Debug|Any CPU
		{05033C8F-CC2A-4896-B2C8-54851155CBC1}.Release|Any CPU.ActiveCfg = Release|Any CPU
		{05033C8F-CC2A-4896-B2C8-54851155CBC1}.Release|Any CPU.Build.0 = Release|Any CPU
	EndGlobalSection
	GlobalSection(SolutionProperties) = preSolution
		HideSolutionNode = FALSE
	EndGlobalSection
	GlobalSection(ExtensibilityGlobals) = postSolution
		SolutionGuid = {DE913A39-19DA-4188-95D3-338D7F1A3672}
	EndGlobalSection
EndGlobal
